
Microsoft Visual Studio Solution File, Format Version 12.00
# Visual Studio Version 16
VisualStudioVersion = 16.0.30907.101
MinimumVisualStudioVersion = 10.0.40219.1
Project("{FAE04EC0-301F-11D3-BF4B-00C04F79EFBC}") = "Module6Project", "Module6Project\Module6Project.csproj", "{5635B8B1-978C-4357-BA76-5A5983009C9F}"
EndProject
Global
	GlobalSection(SolutionConfigurationPlatforms) = preSolution
		Debug|Any CPU = Debug|Any CPU
		Release|Any CPU = Release|Any CPU
	EndGlobalSection
	GlobalSection(ProjectConfigurationPlatforms) = postSolution
		{5635B8B1-978C-4357-BA76-5A5983009C9F}.Debug|Any CPU.ActiveCfg = Debug|Any CPU
		{5635B8B1-978C-4357-BA76-5A5983009C9F}.Debug|Any CPU.Build.0 = Debug|Any CPU
		{5635B8B1-978C-4357-BA76-5A5983009C9F}.Release|Any CPU.ActiveCfg = Release|Any CPU
		{5635B8B1-978C-4357-BA76-5A5983009C9F}.Release|Any CPU.Build.0 = Release|Any CPU
	EndGlobalSection
	GlobalSection(SolutionProperties) = preSolution
		HideSolutionNode = FALSE
	EndGlobalSection
	GlobalSection(ExtensibilityGlobals) = postSolution
		SolutionGuid = {F9E7B495-6BE2-45FF-9955-C0E4DB9F9F44}
	EndGlobalSection
EndGlobal
